
Microsoft Visual Studio Solution File, Format Version 12.00
# Visual Studio 15
VisualStudioVersion = 15.0.28010.2046
MinimumVisualStudioVersion = 10.0.40219.1
Project("{FAE04EC0-301F-11D3-BF4B-00C04F79EFBC}") = "PerformanceLab.IsNumber.NET461", "PerformanceLab.IsNumber.NET461\PerformanceLab.IsNumber.NET461.csproj", "{5370D82E-2F8C-4D7B-8849-3ACE4EBB6B80}"
EndProject
Project("{FAE04EC0-301F-11D3-BF4B-00C04F79EFBC}") = "PerformanceLab.IsEmpty", "PerformanceLab.IsEmpty\PerformanceLab.IsEmpty.csproj", "{1F869B10-ADAE-4CC8-8D3F-8D2ACC02D3C3}"
EndProject
Global
	GlobalSection(SolutionConfigurationPlatforms) = preSolution
		Debug|Any CPU = Debug|Any CPU
		Release|Any CPU = Release|Any CPU
	EndGlobalSection
	GlobalSection(ProjectConfigurationPlatforms) = postSolution
		{5370D82E-2F8C-4D7B-8849-3ACE4EBB6B80}.Debug|Any CPU.ActiveCfg = Debug|Any CPU
		{5370D82E-2F8C-4D7B-8849-3ACE4EBB6B80}.Debug|Any CPU.Build.0 = Debug|Any CPU
		{5370D82E-2F8C-4D7B-8849-3ACE4EBB6B80}.Release|Any CPU.ActiveCfg = Release|Any CPU
		{5370D82E-2F8C-4D7B-8849-3ACE4EBB6B80}.Release|Any CPU.Build.0 = Release|Any CPU
		{1F869B10-ADAE-4CC8-8D3F-8D2ACC02D3C3}.Debug|Any CPU.ActiveCfg = Debug|Any CPU
		{1F869B10-ADAE-4CC8-8D3F-8D2ACC02D3C3}.Debug|Any CPU.Build.0 = Debug|Any CPU
		{1F869B10-ADAE-4CC8-8D3F-8D2ACC02D3C3}.Release|Any CPU.ActiveCfg = Release|Any CPU
		{1F869B10-ADAE-4CC8-8D3F-8D2ACC02D3C3}.Release|Any CPU.Build.0 = Release|Any CPU
	EndGlobalSection
	GlobalSection(SolutionProperties) = preSolution
		HideSolutionNode = FALSE
	EndGlobalSection
	GlobalSection(ExtensibilityGlobals) = postSolution
		SolutionGuid = {059A6B9A-0BA9-4425-88C7-D86ED0B10007}
	EndGlobalSection
EndGlobal
